
Microsoft Visual Studio Solution File, Format Version 12.00
# Visual Studio Version 17
VisualStudioVersion = 17.3.32929.385
MinimumVisualStudioVersion = 10.0.40219.1
Project("{F184B08F-C81C-45F6-A57F-5ABD9991F28F}") = "VB_CatOpsShipHistory_PRD_BNode", "VB_CatOpsShipHistory_PRD_BNode\VB_CatOpsShipHistory_PRD_BNode.vbproj", "{0CAFDB70-C6DE-444F-9B1B-5B22CCD7D6D4}"
EndProject
Global
	GlobalSection(SolutionConfigurationPlatforms) = preSolution
		Debug|Any CPU = Debug|Any CPU
		Release|Any CPU = Release|Any CPU
	EndGlobalSection
	GlobalSection(ProjectConfigurationPlatforms) = postSolution
		{0CAFDB70-C6DE-444F-9B1B-5B22CCD7D6D4}.Debug|Any CPU.ActiveCfg = Debug|Any CPU
		{0CAFDB70-C6DE-444F-9B1B-5B22CCD7D6D4}.Debug|Any CPU.Build.0 = Debug|Any CPU
		{0CAFDB70-C6DE-444F-9B1B-5B22CCD7D6D4}.Release|Any CPU.ActiveCfg = Release|Any CPU
		{0CAFDB70-C6DE-444F-9B1B-5B22CCD7D6D4}.Release|Any CPU.Build.0 = Release|Any CPU
	EndGlobalSection
	GlobalSection(SolutionProperties) = preSolution
		HideSolutionNode = FALSE
	EndGlobalSection
	GlobalSection(ExtensibilityGlobals) = postSolution
		SolutionGuid = {216B5CCF-F343-4560-A2E3-47079674F0CD}
	EndGlobalSection
EndGlobal
